// !$*UTF8*$!
{
	archiveVersion = 1;
	classes = {
	};
	objectVersion = 50;
	objects = {

/* Begin PBXBuildFile section */
		0C5158C6B990C8AB2F7ACED1 /* Pods_WWDC19_SwiftUI.framework in Frameworks */ = {isa = PBXBuildFile; fileRef = 6E1C39913CAB109AF59F341F /* Pods_WWDC19_SwiftUI.framework */; };
		B10F066B2322490900831675 /* Landmark.swift in Sources */ = {isa = PBXBuildFile; fileRef = B10F066A2322490900831675 /* Landmark.swift */; };
		B10F066E23224B8600831675 /* landmarkData.json in Resources */ = {isa = PBXBuildFile; fileRef = B10F066D23224B8600831675 /* landmarkData.json */; };
		B10F067023224C9700831675 /* Service.swift in Sources */ = {isa = PBXBuildFile; fileRef = B10F066F23224C9700831675 /* Service.swift */; };
		B10F067223224D7B00831675 /* LandmarkRow.swift in Sources */ = {isa = PBXBuildFile; fileRef = B10F067123224D7B00831675 /* LandmarkRow.swift */; };
		B10F0674232250A700831675 /* LandMarkList.swift in Sources */ = {isa = PBXBuildFile; fileRef = B10F0673232250A700831675 /* LandMarkList.swift */; };
		B10F06772322520100831675 /* LandmarkDetailWithStar.swift in Sources */ = {isa = PBXBuildFile; fileRef = B10F06762322520100831675 /* LandmarkDetailWithStar.swift */; };
		B15CEFF823239ED8005131F7 /* ProfileView.swift in Sources */ = {isa = PBXBuildFile; fileRef = B15CEFF723239ED8005131F7 /* ProfileView.swift */; };
		B16F584B2323D8D700637E17 /* CategoryRowWithEffect.swift in Sources */ = {isa = PBXBuildFile; fileRef = B16F584A2323D8D700637E17 /* CategoryRowWithEffect.swift */; };
		B16F584D2323DB4E00637E17 /* CategoryItemLarge.swift in Sources */ = {isa = PBXBuildFile; fileRef = B16F584C2323DB4E00637E17 /* CategoryItemLarge.swift */; };
		B1776EE42322683400985FDA /* UserData.swift in Sources */ = {isa = PBXBuildFile; fileRef = B1776EE32322683400985FDA /* UserData.swift */; };
		B1776F252322A80700985FDA /* CategoryRow.swift in Sources */ = {isa = PBXBuildFile; fileRef = B1776F222322A80700985FDA /* CategoryRow.swift */; };
		B1776F262322A80700985FDA /* CategoryHome.swift in Sources */ = {isa = PBXBuildFile; fileRef = B1776F232322A80700985FDA /* CategoryHome.swift */; };
		B1776F272322A80700985FDA /* CategoryItem.swift in Sources */ = {isa = PBXBuildFile; fileRef = B1776F242322A80700985FDA /* CategoryItem.swift */; };
		B1BEB8C4231D5B0F000F6EDC /* AppDelegate.swift in Sources */ = {isa = PBXBuildFile; fileRef = B1BEB8C3231D5B0F000F6EDC /* AppDelegate.swift */; };
		B1BEB8C6231D5B0F000F6EDC /* SceneDelegate.swift in Sources */ = {isa = PBXBuildFile; fileRef = B1BEB8C5231D5B0F000F6EDC /* SceneDelegate.swift */; };
		B1BEB8C8231D5B0F000F6EDC /* ContentView.swift in Sources */ = {isa = PBXBuildFile; fileRef = B1BEB8C7231D5B0F000F6EDC /* ContentView.swift */; };
		B1BEB8CA231D5B14000F6EDC /* Assets.xcassets in Resources */ = {isa = PBXBuildFile; fileRef = B1BEB8C9231D5B14000F6EDC /* Assets.xcassets */; };
		B1BEB8CD231D5B14000F6EDC /* Preview Assets.xcassets in Resources */ = {isa = PBXBuildFile; fileRef = B1BEB8CC231D5B14000F6EDC /* Preview Assets.xcassets */; };
		B1BEB8D0231D5B14000F6EDC /* LaunchScreen.storyboard in Resources */ = {isa = PBXBuildFile; fileRef = B1BEB8CE231D5B14000F6EDC /* LaunchScreen.storyboard */; };
		B1BEB8DA231D63A0000F6EDC /* MapView.swift in Sources */ = {isa = PBXBuildFile; fileRef = B1BEB8D9231D63A0000F6EDC /* MapView.swift */; };
		B1BEB8DC231D6CF7000F6EDC /* LandmarkDetail.swift in Sources */ = {isa = PBXBuildFile; fileRef = B1BEB8DB231D6CF7000F6EDC /* LandmarkDetail.swift */; };
		B1BEB8DE231D6E78000F6EDC /* Avatar.swift in Sources */ = {isa = PBXBuildFile; fileRef = B1BEB8DD231D6E78000F6EDC /* Avatar.swift */; };
/* End PBXBuildFile section */

/* Begin PBXFileReference section */
		08760C5ABAA3F004CECF295F /* Pods-WWDC19-SwiftUI.debug.xcconfig */ = {isa = PBXFileReference; includeInIndex = 1; lastKnownFileType = text.xcconfig; name = "Pods-WWDC19-SwiftUI.debug.xcconfig"; path = "Target Support Files/Pods-WWDC19-SwiftUI/Pods-WWDC19-SwiftUI.debug.xcconfig"; sourceTree = "<group>"; };
		6E1C39913CAB109AF59F341F /* Pods_WWDC19_SwiftUI.framework */ = {isa = PBXFileReference; explicitFileType = wrapper.framework; includeInIndex = 0; path = Pods_WWDC19_SwiftUI.framework; sourceTree = BUILT_PRODUCTS_DIR; };
		8B65262699A8E0B670220FD9 /* Pods-WWDC19-SwiftUI.release.xcconfig */ = {isa = PBXFileReference; includeInIndex = 1; lastKnownFileType = text.xcconfig; name = "Pods-WWDC19-SwiftUI.release.xcconfig"; path = "Target Support Files/Pods-WWDC19-SwiftUI/Pods-WWDC19-SwiftUI.release.xcconfig"; sourceTree = "<group>"; };
		B10F066A2322490900831675 /* Landmark.swift */ = {isa = PBXFileReference; lastKnownFileType = sourcecode.swift; path = Landmark.swift; sourceTree = "<group>"; };
		B10F066D23224B8600831675 /* landmarkData.json */ = {isa = PBXFileReference; lastKnownFileType = text.json; path = landmarkData.json; sourceTree = "<group>"; };
		B10F066F23224C9700831675 /* Service.swift */ = {isa = PBXFileReference; lastKnownFileType = sourcecode.swift; path = Service.swift; sourceTree = "<group>"; };
		B10F067123224D7B00831675 /* LandmarkRow.swift */ = {isa = PBXFileReference; lastKnownFileType = sourcecode.swift; path = LandmarkRow.swift; sourceTree = "<group>"; };
		B10F0673232250A700831675 /* LandMarkList.swift */ = {isa = PBXFileReference; lastKnownFileType = sourcecode.swift; path = LandMarkList.swift; sourceTree = "<group>"; };
		B10F06762322520100831675 /* LandmarkDetailWithStar.swift */ = {isa = PBXFileReference; lastKnownFileType = sourcecode.swift; path = LandmarkDetailWithStar.swift; sourceTree = "<group>"; };
		B15CEFF723239ED8005131F7 /* ProfileView.swift */ = {isa = PBXFileReference; lastKnownFileType = sourcecode.swift; path = ProfileView.swift; sourceTree = "<group>"; };
		B16F584A2323D8D700637E17 /* CategoryRowWithEffect.swift */ = {isa = PBXFileReference; lastKnownFileType = sourcecode.swift; path = CategoryRowWithEffect.swift; sourceTree = "<group>"; };
		B16F584C2323DB4E00637E17 /* CategoryItemLarge.swift */ = {isa = PBXFileReference; lastKnownFileType = sourcecode.swift; path = CategoryItemLarge.swift; sourceTree = "<group>"; };
		B1776EE32322683400985FDA /* UserData.swift */ = {isa = PBXFileReference; lastKnownFileType = sourcecode.swift; path = UserData.swift; sourceTree = "<group>"; };
		B1776F222322A80700985FDA /* CategoryRow.swift */ = {isa = PBXFileReference; fileEncoding = 4; lastKnownFileType = sourcecode.swift; path = CategoryRow.swift; sourceTree = "<group>"; };
		B1776F232322A80700985FDA /* CategoryHome.swift */ = {isa = PBXFileReference; fileEncoding = 4; lastKnownFileType = sourcecode.swift; path = CategoryHome.swift; sourceTree = "<group>"; };
		B1776F242322A80700985FDA /* CategoryItem.swift */ = {isa = PBXFileReference; fileEncoding = 4; lastKnownFileType = sourcecode.swift; path = CategoryItem.swift; sourceTree = "<group>"; };
		B1BEB8C0231D5B0F000F6EDC /* DemoSwiftUI.app */ = {isa = PBXFileReference; explicitFileType = wrapper.application; includeInIndex = 0; path = DemoSwiftUI.app; sourceTree = BUILT_PRODUCTS_DIR; };
		B1BEB8C3231D5B0F000F6EDC /* AppDelegate.swift */ = {isa = PBXFileReference; lastKnownFileType = sourcecode.swift; path = AppDelegate.swift; sourceTree = "<group>"; };
		B1BEB8C5231D5B0F000F6EDC /* SceneDelegate.swift */ = {isa = PBXFileReference; lastKnownFileType = sourcecode.swift; path = SceneDelegate.swift; sourceTree = "<group>"; };
		B1BEB8C7231D5B0F000F6EDC /* ContentView.swift */ = {isa = PBXFileReference; lastKnownFileType = sourcecode.swift; path = ContentView.swift; sourceTree = "<group>"; };
		B1BEB8C9231D5B14000F6EDC /* Assets.xcassets */ = {isa = PBXFileReference; lastKnownFileType = folder.assetcatalog; path = Assets.xcassets; sourceTree = "<group>"; };
		B1BEB8CC231D5B14000F6EDC /* Preview Assets.xcassets */ = {isa = PBXFileReference; lastKnownFileType = folder.assetcatalog; path = "Preview Assets.xcassets"; sourceTree = "<group>"; };
		B1BEB8CF231D5B14000F6EDC /* Base */ = {isa = PBXFileReference; lastKnownFileType = file.storyboard; name = Base; path = Base.lproj/LaunchScreen.storyboard; sourceTree = "<group>"; };
		B1BEB8D1231D5B14000F6EDC /* Info.plist */ = {isa = PBXFileReference; lastKnownFileType = text.plist.xml; path = Info.plist; sourceTree = "<group>"; };
		B1BEB8D9231D63A0000F6EDC /* MapView.swift */ = {isa = PBXFileReference; lastKnownFileType = sourcecode.swift; path = MapView.swift; sourceTree = "<group>"; };
		B1BEB8DB231D6CF7000F6EDC /* LandmarkDetail.swift */ = {isa = PBXFileReference; lastKnownFileType = sourcecode.swift; path = LandmarkDetail.swift; sourceTree = "<group>"; };
		B1BEB8DD231D6E78000F6EDC /* Avatar.swift */ = {isa = PBXFileReference; fileEncoding = 4; lastKnownFileType = sourcecode.swift; path = Avatar.swift; sourceTree = "<group>"; };
/* End PBXFileReference section */

/* Begin PBXFrameworksBuildPhase section */
		B1BEB8BD231D5B0F000F6EDC /* Frameworks */ = {
			isa = PBXFrameworksBuildPhase;
			buildActionMask = 2147483647;
			files = (
				0C5158C6B990C8AB2F7ACED1 /* Pods_WWDC19_SwiftUI.framework in Frameworks */,
			);
			runOnlyForDeploymentPostprocessing = 0;
		};
/* End PBXFrameworksBuildPhase section */

/* Begin PBXGroup section */
		88E69611BC709BB7C9F0367F /* Pods */ = {
			isa = PBXGroup;
			children = (
				08760C5ABAA3F004CECF295F /* Pods-WWDC19-SwiftUI.debug.xcconfig */,
				8B65262699A8E0B670220FD9 /* Pods-WWDC19-SwiftUI.release.xcconfig */,
			);
			name = Pods;
			path = Pods;
			sourceTree = "<group>";
		};
		92612EF575F2DC8655C835C1 /* Frameworks */ = {
			isa = PBXGroup;
			children = (
				6E1C39913CAB109AF59F341F /* Pods_WWDC19_SwiftUI.framework */,
			);
			name = Frameworks;
			sourceTree = "<group>";
		};
		B10F066C2322491300831675 /* data */ = {
			isa = PBXGroup;
			children = (
				B10F066A2322490900831675 /* Landmark.swift */,
				B10F066F23224C9700831675 /* Service.swift */,
				B1776EE32322683400985FDA /* UserData.swift */,
				B10F066D23224B8600831675 /* landmarkData.json */,
			);
			path = data;
			sourceTree = "<group>";
		};
		B10F0675232250F200831675 /* LandMarkList */ = {
			isa = PBXGroup;
			children = (
				B10F0673232250A700831675 /* LandMarkList.swift */,
				B10F067123224D7B00831675 /* LandmarkRow.swift */,
				B10F06762322520100831675 /* LandmarkDetailWithStar.swift */,
			);
			path = LandMarkList;
			sourceTree = "<group>";
		};
		B1776F212322A7F700985FDA /* CategoryHome */ = {
			isa = PBXGroup;
			children = (
				B1776F232322A80700985FDA /* CategoryHome.swift */,
				B16F584A2323D8D700637E17 /* CategoryRowWithEffect.swift */,
				B16F584C2323DB4E00637E17 /* CategoryItemLarge.swift */,
				B1776F242322A80700985FDA /* CategoryItem.swift */,
				B1776F222322A80700985FDA /* CategoryRow.swift */,
				B1BEB8DB231D6CF7000F6EDC /* LandmarkDetail.swift */,
				B15CEFF723239ED8005131F7 /* ProfileView.swift */,
			);
			path = CategoryHome;
			sourceTree = "<group>";
		};
		B1776F282322AA6800985FDA /* component */ = {
			isa = PBXGroup;
			children = (
				B1BEB8D9231D63A0000F6EDC /* MapView.swift */,
				B1BEB8DD231D6E78000F6EDC /* Avatar.swift */,
			);
			path = component;
			sourceTree = "<group>";
		};
		B1BEB8B7231D5B0F000F6EDC = {
			isa = PBXGroup;
			children = (
				B1BEB8C2231D5B0F000F6EDC /* WWDC19 */,
				B1BEB8C1231D5B0F000F6EDC /* Products */,
				88E69611BC709BB7C9F0367F /* Pods */,
				92612EF575F2DC8655C835C1 /* Frameworks */,
			);
			sourceTree = "<group>";
		};
		B1BEB8C1231D5B0F000F6EDC /* Products */ = {
			isa = PBXGroup;
			children = (
				B1BEB8C0231D5B0F000F6EDC /* DemoSwiftUI.app */,
			);
			name = Products;
			sourceTree = "<group>";
		};
		B1BEB8C2231D5B0F000F6EDC /* WWDC19 */ = {
			isa = PBXGroup;
			children = (
				B1BEB8C3231D5B0F000F6EDC /* AppDelegate.swift */,
				B1BEB8C5231D5B0F000F6EDC /* SceneDelegate.swift */,
				B1BEB8C7231D5B0F000F6EDC /* ContentView.swift */,
				B10F066C2322491300831675 /* data */,
				B1BEB8DF231D73F4000F6EDC /* views */,
				B1BEB8C9231D5B14000F6EDC /* Assets.xcassets */,
				B1BEB8CE231D5B14000F6EDC /* LaunchScreen.storyboard */,
				B1BEB8D1231D5B14000F6EDC /* Info.plist */,
				B1BEB8CB231D5B14000F6EDC /* Preview Content */,
			);
			path = WWDC19;
			sourceTree = "<group>";
		};
		B1BEB8CB231D5B14000F6EDC /* Preview Content */ = {
			isa = PBXGroup;
			children = (
				B1BEB8CC231D5B14000F6EDC /* Preview Assets.xcassets */,
			);
			path = "Preview Content";
			sourceTree = "<group>";
		};
		B1BEB8DF231D73F4000F6EDC /* views */ = {
			isa = PBXGroup;
			children = (
				B1776F282322AA6800985FDA /* component */,
				B1776F212322A7F700985FDA /* CategoryHome */,
				B10F0675232250F200831675 /* LandMarkList */,
			);
			path = views;
			sourceTree = "<group>";
		};
/* End PBXGroup section */

/* Begin PBXNativeTarget section */
		B1BEB8BF231D5B0F000F6EDC /* WWDC19-SwiftUI */ = {
			isa = PBXNativeTarget;
			buildConfigurationList = B1BEB8D4231D5B14000F6EDC /* Build configuration list for PBXNativeTarget "WWDC19-SwiftUI" */;
			buildPhases = (
				2C4B49F6E00AB7162DA3ECC9 /* [CP] Check Pods Manifest.lock */,
				B1BEB8BC231D5B0F000F6EDC /* Sources */,
				B1BEB8BD231D5B0F000F6EDC /* Frameworks */,
				B1BEB8BE231D5B0F000F6EDC /* Resources */,
				76F15FCE8E17995BF27F7B4C /* [CP] Copy Pods Resources */,
			);
			buildRules = (
			);
			dependencies = (
			);
			name = "WWDC19-SwiftUI";
			productName = WWDC19;
			productReference = B1BEB8C0231D5B0F000F6EDC /* DemoSwiftUI.app */;
			productType = "com.apple.product-type.application";
		};
/* End PBXNativeTarget section */

/* Begin PBXProject section */
		B1BEB8B8231D5B0F000F6EDC /* Project object */ = {
			isa = PBXProject;
			attributes = {
				LastSwiftUpdateCheck = 1100;
				LastUpgradeCheck = 1100;
				ORGANIZATIONNAME = Liyong;
				TargetAttributes = {
					B1BEB8BF231D5B0F000F6EDC = {
						CreatedOnToolsVersion = 11.0;
					};
				};
			};
			buildConfigurationList = B1BEB8BB231D5B0F000F6EDC /* Build configuration list for PBXProject "WWDC19-SwiftUI" */;
			compatibilityVersion = "Xcode 9.3";
			developmentRegion = en;
			hasScannedForEncodings = 0;
			knownRegions = (
				en,
				Base,
			);
			mainGroup = B1BEB8B7231D5B0F000F6EDC;
			productRefGroup = B1BEB8C1231D5B0F000F6EDC /* Products */;
			projectDirPath = "";
			projectRoot = "";
			targets = (
				B1BEB8BF231D5B0F000F6EDC /* WWDC19-SwiftUI */,
			);
		};
/* End PBXProject section */

/* Begin PBXResourcesBuildPhase section */
		B1BEB8BE231D5B0F000F6EDC /* Resources */ = {
			isa = PBXResourcesBuildPhase;
			buildActionMask = 2147483647;
			files = (
				B1BEB8D0231D5B14000F6EDC /* LaunchScreen.storyboard in Resources */,
				B10F066E23224B8600831675 /* landmarkData.json in Resources */,
				B1BEB8CD231D5B14000F6EDC /* Preview Assets.xcassets in Resources */,
				B1BEB8CA231D5B14000F6EDC /* Assets.xcassets in Resources */,
			);
			runOnlyForDeploymentPostprocessing = 0;
		};
/* End PBXResourcesBuildPhase section */

/* Begin PBXShellScriptBuildPhase section */
		2C4B49F6E00AB7162DA3ECC9 /* [CP] Check Pods Manifest.lock */ = {
			isa = PBXShellScriptBuildPhase;
			buildActionMask = 2147483647;
			files = (
			);
			inputFileListPaths = (
			);
			inputPaths = (
				"${PODS_PODFILE_DIR_PATH}/Podfile.lock",
				"${PODS_ROOT}/Manifest.lock",
			);
			name = "[CP] Check Pods Manifest.lock";
			outputFileListPaths = (
			);
			outputPaths = (
				"$(DERIVED_FILE_DIR)/Pods-WWDC19-SwiftUI-checkManifestLockResult.txt",
			);
			runOnlyForDeploymentPostprocessing = 0;
			shellPath = /bin/sh;
			shellScript = "diff \"${PODS_PODFILE_DIR_PATH}/Podfile.lock\" \"${PODS_ROOT}/Manifest.lock\" > /dev/null\nif [ $? != 0 ] ; then\n    # print error to STDERR\n    echo \"error: The sandbox is not in sync with the Podfile.lock. Run 'pod install' or update your CocoaPods installation.\" >&2\n    exit 1\nfi\n# This output is used by Xcode 'outputs' to avoid re-running this script phase.\necho \"SUCCESS\" > \"${SCRIPT_OUTPUT_FILE_0}\"\n";
			showEnvVarsInLog = 0;
		};
		76F15FCE8E17995BF27F7B4C /* [CP] Copy Pods Resources */ = {
			isa = PBXShellScriptBuildPhase;
			buildActionMask = 2147483647;
			files = (
			);
			inputFileListPaths = (
				"${PODS_ROOT}/Target Support Files/Pods-WWDC19-SwiftUI/Pods-WWDC19-SwiftUI-resources-${CONFIGURATION}-input-files.xcfilelist",
			);
			name = "[CP] Copy Pods Resources";
			outputFileListPaths = (
				"${PODS_ROOT}/Target Support Files/Pods-WWDC19-SwiftUI/Pods-WWDC19-SwiftUI-resources-${CONFIGURATION}-output-files.xcfilelist",
			);
			runOnlyForDeploymentPostprocessing = 0;
			shellPath = /bin/sh;
			shellScript = "\"${PODS_ROOT}/Target Support Files/Pods-WWDC19-SwiftUI/Pods-WWDC19-SwiftUI-resources.sh\"\n";
			showEnvVarsInLog = 0;
		};
/* End PBXShellScriptBuildPhase section */

/* Begin PBXSourcesBuildPhase section */
		B1BEB8BC231D5B0F000F6EDC /* Sources */ = {
			isa = PBXSourcesBuildPhase;
			buildActionMask = 2147483647;
			files = (
				B10F066B2322490900831675 /* Landmark.swift in Sources */,
				B1BEB8C4231D5B0F000F6EDC /* AppDelegate.swift in Sources */,
				B1BEB8C6231D5B0F000F6EDC /* SceneDelegate.swift in Sources */,
				B1BEB8DE231D6E78000F6EDC /* Avatar.swift in Sources */,
				B1BEB8DC231D6CF7000F6EDC /* LandmarkDetail.swift in Sources */,
				B10F0674232250A700831675 /* LandMarkList.swift in Sources */,
				B16F584D2323DB4E00637E17 /* CategoryItemLarge.swift in Sources */,
				B1776F252322A80700985FDA /* CategoryRow.swift in Sources */,
				B1776EE42322683400985FDA /* UserData.swift in Sources */,
				B1776F262322A80700985FDA /* CategoryHome.swift in Sources */,
				B10F06772322520100831675 /* LandmarkDetailWithStar.swift in Sources */,
				B1BEB8C8231D5B0F000F6EDC /* ContentView.swift in Sources */,
				B15CEFF823239ED8005131F7 /* ProfileView.swift in Sources */,
				B1BEB8DA231D63A0000F6EDC /* MapView.swift in Sources */,
				B16F584B2323D8D700637E17 /* CategoryRowWithEffect.swift in Sources */,
				B10F067023224C9700831675 /* Service.swift in Sources */,
				B1776F272322A80700985FDA /* CategoryItem.swift in Sources */,
				B10F067223224D7B00831675 /* LandmarkRow.swift in Sources */,
			);
			runOnlyForDeploymentPostprocessing = 0;
		};
/* End PBXSourcesBuildPhase section */

/* Begin PBXVariantGroup section */
		B1BEB8CE231D5B14000F6EDC /* LaunchScreen.storyboard */ = {
			isa = PBXVariantGroup;
			children = (
				B1BEB8CF231D5B14000F6EDC /* Base */,
			);
			name = LaunchScreen.storyboard;
			sourceTree = "<group>";
		};
/* End PBXVariantGroup section */

/* Begin XCBuildConfiguration section */
		B1BEB8D2231D5B14000F6EDC /* Debug */ = {
			isa = XCBuildConfiguration;
			buildSettings = {
				ALWAYS_SEARCH_USER_PATHS = NO;
				CLANG_ANALYZER_NONNULL = YES;
				CLANG_ANALYZER_NUMBER_OBJECT_CONVERSION = YES_AGGRESSIVE;
				CLANG_CXX_LANGUAGE_STANDARD = "gnu++14";
				CLANG_CXX_LIBRARY = "libc++";
				CLANG_ENABLE_MODULES = YES;
				CLANG_ENABLE_OBJC_ARC = YES;
				CLANG_ENABLE_OBJC_WEAK = YES;
				CLANG_WARN_BLOCK_CAPTURE_AUTORELEASING = YES;
				CLANG_WARN_BOOL_CONVERSION = YES;
				CLANG_WARN_COMMA = YES;
				CLANG_WARN_CONSTANT_CONVERSION = YES;
				CLANG_WARN_DEPRECATED_OBJC_IMPLEMENTATIONS = YES;
				CLANG_WARN_DIRECT_OBJC_ISA_USAGE = YES_ERROR;
				CLANG_WARN_DOCUMENTATION_COMMENTS = YES;
				CLANG_WARN_EMPTY_BODY = YES;
				CLANG_WARN_ENUM_CONVERSION = YES;
				CLANG_WARN_INFINITE_RECURSION = YES;
				CLANG_WARN_INT_CONVERSION = YES;
				CLANG_WARN_NON_LITERAL_NULL_CONVERSION = YES;
				CLANG_WARN_OBJC_IMPLICIT_RETAIN_SELF = YES;
				CLANG_WARN_OBJC_LITERAL_CONVERSION = YES;
				CLANG_WARN_OBJC_ROOT_CLASS = YES_ERROR;
				CLANG_WARN_RANGE_LOOP_ANALYSIS = YES;
				CLANG_WARN_STRICT_PROTOTYPES = YES;
				CLANG_WARN_SUSPICIOUS_MOVE = YES;
				CLANG_WARN_UNGUARDED_AVAILABILITY = YES_AGGRESSIVE;
				CLANG_WARN_UNREACHABLE_CODE = YES;
				CLANG_WARN__DUPLICATE_METHOD_MATCH = YES;
				COPY_PHASE_STRIP = NO;
				DEBUG_INFORMATION_FORMAT = dwarf;
				ENABLE_STRICT_OBJC_MSGSEND = YES;
				ENABLE_TESTABILITY = YES;
				GCC_C_LANGUAGE_STANDARD = gnu11;
				GCC_DYNAMIC_NO_PIC = NO;
				GCC_NO_COMMON_BLOCKS = YES;
				GCC_OPTIMIZATION_LEVEL = 0;
				GCC_PREPROCESSOR_DEFINITIONS = (
					"DEBUG=1",
					"$(inherited)",
				);
				GCC_WARN_64_TO_32_BIT_CONVERSION = YES;
				GCC_WARN_ABOUT_RETURN_TYPE = YES_ERROR;
				GCC_WARN_UNDECLARED_SELECTOR = YES;
				GCC_WARN_UNINITIALIZED_AUTOS = YES_AGGRESSIVE;
				GCC_WARN_UNUSED_FUNCTION = YES;
				GCC_WARN_UNUSED_VARIABLE = YES;
				IPHONEOS_DEPLOYMENT_TARGET = 13.0;
				MTL_ENABLE_DEBUG_INFO = INCLUDE_SOURCE;
				MTL_FAST_MATH = YES;
				ONLY_ACTIVE_ARCH = YES;
				SDKROOT = iphoneos;
				SWIFT_ACTIVE_COMPILATION_CONDITIONS = DEBUG;
				SWIFT_OPTIMIZATION_LEVEL = "-Onone";
			};
			name = Debug;
		};
		B1BEB8D3231D5B14000F6EDC /* Release */ = {
			isa = XCBuildConfiguration;
			buildSettings = {
				ALWAYS_SEARCH_USER_PATHS = NO;
				CLANG_ANALYZER_NONNULL = YES;
				CLANG_ANALYZER_NUMBER_OBJECT_CONVERSION = YES_AGGRESSIVE;
				CLANG_CXX_LANGUAGE_STANDARD = "gnu++14";
				CLANG_CXX_LIBRARY = "libc++";
				CLANG_ENABLE_MODULES = YES;
				CLANG_ENABLE_OBJC_ARC = YES;
				CLANG_ENABLE_OBJC_WEAK = YES;
				CLANG_WARN_BLOCK_CAPTURE_AUTORELEASING = YES;
				CLANG_WARN_BOOL_CONVERSION = YES;
				CLANG_WARN_COMMA = YES;
				CLANG_WARN_CONSTANT_CONVERSION = YES;
				CLANG_WARN_DEPRECATED_OBJC_IMPLEMENTATIONS = YES;
				CLANG_WARN_DIRECT_OBJC_ISA_USAGE = YES_ERROR;
				CLANG_WARN_DOCUMENTATION_COMMENTS = YES;
				CLANG_WARN_EMPTY_BODY = YES;
				CLANG_WARN_ENUM_CONVERSION = YES;
				CLANG_WARN_INFINITE_RECURSION = YES;
				CLANG_WARN_INT_CONVERSION = YES;
				CLANG_WARN_NON_LITERAL_NULL_CONVERSION = YES;
				CLANG_WARN_OBJC_IMPLICIT_RETAIN_SELF = YES;
				CLANG_WARN_OBJC_LITERAL_CONVERSION = YES;
				CLANG_WARN_OBJC_ROOT_CLASS = YES_ERROR;
				CLANG_WARN_RANGE_LOOP_ANALYSIS = YES;
				CLANG_WARN_STRICT_PROTOTYPES = YES;
				CLANG_WARN_SUSPICIOUS_MOVE = YES;
				CLANG_WARN_UNGUARDED_AVAILABILITY = YES_AGGRESSIVE;
				CLANG_WARN_UNREACHABLE_CODE = YES;
				CLANG_WARN__DUPLICATE_METHOD_MATCH = YES;
				COPY_PHASE_STRIP = NO;
				DEBUG_INFORMATION_FORMAT = "dwarf-with-dsym";
				ENABLE_NS_ASSERTIONS = NO;
				ENABLE_STRICT_OBJC_MSGSEND = YES;
				GCC_C_LANGUAGE_STANDARD = gnu11;
				GCC_NO_COMMON_BLOCKS = YES;
				GCC_WARN_64_TO_32_BIT_CONVERSION = YES;
				GCC_WARN_ABOUT_RETURN_TYPE = YES_ERROR;
				GCC_WARN_UNDECLARED_SELECTOR = YES;
				GCC_WARN_UNINITIALIZED_AUTOS = YES_AGGRESSIVE;
				GCC_WARN_UNUSED_FUNCTION = YES;
				GCC_WARN_UNUSED_VARIABLE = YES;
				IPHONEOS_DEPLOYMENT_TARGET = 13.0;
				MTL_ENABLE_DEBUG_INFO = NO;
				MTL_FAST_MATH = YES;
				SDKROOT = iphoneos;
				SWIFT_COMPILATION_MODE = wholemodule;
				SWIFT_OPTIMIZATION_LEVEL = "-O";
				VALIDATE_PRODUCT = YES;
			};
			name = Release;
		};
		B1BEB8D5231D5B14000F6EDC /* Debug */ = {
			isa = XCBuildConfiguration;
			baseConfigurationReference = 08760C5ABAA3F004CECF295F /* Pods-WWDC19-SwiftUI.debug.xcconfig */;
			buildSettings = {
				ASSETCATALOG_COMPILER_APPICON_NAME = AppIcon;
				CODE_SIGN_STYLE = Automatic;
				DEVELOPMENT_ASSET_PATHS = "\"WWDC19/Preview Content\"";
				DEVELOPMENT_TEAM = 5EPTS7B9SQ;
				ENABLE_PREVIEWS = YES;
				INFOPLIST_FILE = WWDC19/Info.plist;
				LD_RUNPATH_SEARCH_PATHS = (
					"$(inherited)",
					"@executable_path/Frameworks",
				);
				PRODUCT_BUNDLE_IDENTIFIER = "com.ly05010419.WWDC19-SwiftUI";
				PRODUCT_NAME = DemoSwiftUI;
				SWIFT_VERSION = 5.0;
				TARGETED_DEVICE_FAMILY = "1,2";
			};
			name = Debug;
		};
		B1BEB8D6231D5B14000F6EDC /* Release */ = {
			isa = XCBuildConfiguration;
			baseConfigurationReference = 8B65262699A8E0B670220FD9 /* Pods-WWDC19-SwiftUI.release.xcconfig */;
			buildSettings = {
				ASSETCATALOG_COMPILER_APPICON_NAME = AppIcon;
				CODE_SIGN_STYLE = Automatic;
				DEVELOPMENT_ASSET_PATHS = "\"WWDC19/Preview Content\"";
				DEVELOPMENT_TEAM = 5EPTS7B9SQ;
				ENABLE_PREVIEWS = YES;
				INFOPLIST_FILE = WWDC19/Info.plist;
				LD_RUNPATH_SEARCH_PATHS = (
					"$(inherited)",
					"@executable_path/Frameworks",
				);
				PRODUCT_BUNDLE_IDENTIFIER = "com.ly05010419.WWDC19-SwiftUI";
				PRODUCT_NAME = DemoSwiftUI;
				SWIFT_VERSION = 5.0;
				TARGETED_DEVICE_FAMILY = "1,2";
			};
			name = Release;
		};
/* End XCBuildConfiguration section */

/* Begin XCConfigurationList section */
		B1BEB8BB231D5B0F000F6EDC /* Build configuration list for PBXProject "WWDC19-SwiftUI" */ = {
			isa = XCConfigurationList;
			buildConfigurations = (
				B1BEB8D2231D5B14000F6EDC /* Debug */,
				B1BEB8D3231D5B14000F6EDC /* Release */,
			);
			defaultConfigurationIsVisible = 0;
			defaultConfigurationName = Release;
		};
		B1BEB8D4231D5B14000F6EDC /* Build configuration list for PBXNativeTarget "WWDC19-SwiftUI" */ = {
			isa = XCConfigurationList;
			buildConfigurations = (
				B1BEB8D5231D5B14000F6EDC /* Debug */,
				B1BEB8D6231D5B14000F6EDC /* Release */,
			);
			defaultConfigurationIsVisible = 0;
			defaultConfigurationName = Release;
		};
/* End XCConfigurationList section */
	};
	rootObject = B1BEB8B8231D5B0F000F6EDC /* Project object */;
}
